
Microsoft Visual Studio Solution File, Format Version 12.00
# Visual Studio Version 17
VisualStudioVersion = 17.7.34202.233
MinimumVisualStudioVersion = 10.0.40219.1
Project("{9A19103F-16F7-4668-BE54-9A1E7A4F7556}") = "TaskListApp", "TaskListApp\TaskListApp.csproj", "{73C2A82C-78D8-400B-8864-51B2D499A87C}"
EndProject
Project("{9A19103F-16F7-4668-BE54-9A1E7A4F7556}") = "TaskListApp.Tests", "TaskListApp.Tests\TaskListApp.Tests.csproj", "{C8FCEA08-04EE-409A-BD51-4DD46B58888C}"
EndProject
Project("{9A19103F-16F7-4668-BE54-9A1E7A4F7556}") = "TaskListApp.Database", "TaskListApp.Database\TaskListApp.Database.csproj", "{A24464FD-501E-456F-9E74-E357A76A7198}"
EndProject
Global
	GlobalSection(SolutionConfigurationPlatforms) = preSolution
		Debug|Any CPU = Debug|Any CPU
		Release|Any CPU = Release|Any CPU
	EndGlobalSection
	GlobalSection(ProjectConfigurationPlatforms) = postSolution
		{73C2A82C-78D8-400B-8864-51B2D499A87C}.Debug|Any CPU.ActiveCfg = Debug|Any CPU
		{73C2A82C-78D8-400B-8864-51B2D499A87C}.Debug|Any CPU.Build.0 = Debug|Any CPU
		{73C2A82C-78D8-400B-8864-51B2D499A87C}.Release|Any CPU.ActiveCfg = Release|Any CPU
		{73C2A82C-78D8-400B-8864-51B2D499A87C}.Release|Any CPU.Build.0 = Release|Any CPU
		{C8FCEA08-04EE-409A-BD51-4DD46B58888C}.Debug|Any CPU.ActiveCfg = Debug|Any CPU
		{C8FCEA08-04EE-409A-BD51-4DD46B58888C}.Debug|Any CPU.Build.0 = Debug|Any CPU
		{C8FCEA08-04EE-409A-BD51-4DD46B58888C}.Release|Any CPU.ActiveCfg = Release|Any CPU
		{C8FCEA08-04EE-409A-BD51-4DD46B58888C}.Release|Any CPU.Build.0 = Release|Any CPU
		{A24464FD-501E-456F-9E74-E357A76A7198}.Debug|Any CPU.ActiveCfg = Debug|Any CPU
		{A24464FD-501E-456F-9E74-E357A76A7198}.Debug|Any CPU.Build.0 = Debug|Any CPU
		{A24464FD-501E-456F-9E74-E357A76A7198}.Release|Any CPU.ActiveCfg = Release|Any CPU
		{A24464FD-501E-456F-9E74-E357A76A7198}.Release|Any CPU.Build.0 = Release|Any CPU
	EndGlobalSection
	GlobalSection(SolutionProperties) = preSolution
		HideSolutionNode = FALSE
	EndGlobalSection
	GlobalSection(ExtensibilityGlobals) = postSolution
		SolutionGuid = {7ED63E4D-FFFD-47D7-A41D-CAC2D5A42B0B}
	EndGlobalSection
EndGlobal
